// !$*UTF8*$!
{
	archiveVersion = 1;
	classes = {
	};
	objectVersion = 54;
	objects = {

/* Begin PBXBuildFile section */
		1206CA212666260B002024B5 /* AppDelegate.swift in Sources */ = {isa = PBXBuildFile; fileRef = 1206CA202666260B002024B5 /* AppDelegate.swift */; };
		1206CA232666260B002024B5 /* SceneDelegate.swift in Sources */ = {isa = PBXBuildFile; fileRef = 1206CA222666260B002024B5 /* SceneDelegate.swift */; };
		1206CA282666260B002024B5 /* Main.storyboard in Resources */ = {isa = PBXBuildFile; fileRef = 1206CA262666260B002024B5 /* Main.storyboard */; };
		1206CA2B2666260C002024B5 /* Reciplease.xcdatamodeld in Sources */ = {isa = PBXBuildFile; fileRef = 1206CA292666260C002024B5 /* Reciplease.xcdatamodeld */; };
		1206CA2D26662617002024B5 /* Assets.xcassets in Resources */ = {isa = PBXBuildFile; fileRef = 1206CA2C26662617002024B5 /* Assets.xcassets */; };
		1206CA3026662618002024B5 /* LaunchScreen.storyboard in Resources */ = {isa = PBXBuildFile; fileRef = 1206CA2E26662618002024B5 /* LaunchScreen.storyboard */; };
		7259145E26C3EEBC00C980AC /* 2nd Screen.storyboard in Resources */ = {isa = PBXBuildFile; fileRef = 7259145D26C3EEBC00C980AC /* 2nd Screen.storyboard */; };
		7284F4D626C2854600990428 /* ViewController.swift in Sources */ = {isa = PBXBuildFile; fileRef = 7284F4D326C2854600990428 /* ViewController.swift */; };
		7284F4D726C2854600990428 /* 2ndViewController.swift in Sources */ = {isa = PBXBuildFile; fileRef = 7284F4D126C2854600990428 /* 2ndViewController.swift */; };
		7284F4D826C2854600990428 /* LoadScreenViewController.swift in Sources */ = {isa = PBXBuildFile; fileRef = 7284F4D526C2854600990428 /* LoadScreenViewController.swift */; };
		7284F4D926C2854600990428 /* RecipeView.swift in Sources */ = {isa = PBXBuildFile; fileRef = 7284F4D426C2854600990428 /* RecipeView.swift */; };
		7284F4DA26C2854600990428 /* RecipeViewController.swift in Sources */ = {isa = PBXBuildFile; fileRef = 7284F4D026C2854600990428 /* RecipeViewController.swift */; };
		7284F4DB26C2854600990428 /* HomePageViewController.swift in Sources */ = {isa = PBXBuildFile; fileRef = 7284F4D226C2854600990428 /* HomePageViewController.swift */; };
		7284F4E126C2859D00990428 /* FirstRecipe.swift in Sources */ = {isa = PBXBuildFile; fileRef = 7284F4DE26C2859D00990428 /* FirstRecipe.swift */; };
		7284F4E226C2859D00990428 /* SecondRecipe.swift in Sources */ = {isa = PBXBuildFile; fileRef = 7284F4DF26C2859D00990428 /* SecondRecipe.swift */; };
		7284F4E326C2859D00990428 /* ThirdRecipe.swift in Sources */ = {isa = PBXBuildFile; fileRef = 7284F4E026C2859D00990428 /* ThirdRecipe.swift */; };
		7284F4E726C285BF00990428 /* Item.swift in Sources */ = {isa = PBXBuildFile; fileRef = 7284F4E526C285BF00990428 /* Item.swift */; };
		7284F4E826C285BF00990428 /* Data.swift in Sources */ = {isa = PBXBuildFile; fileRef = 7284F4E626C285BF00990428 /* Data.swift */; };
/* End PBXBuildFile section */

/* Begin PBXFileReference section */
		1206CA1D2666260B002024B5 /* Reciplease.app */ = {isa = PBXFileReference; explicitFileType = wrapper.application; includeInIndex = 0; path = Reciplease.app; sourceTree = BUILT_PRODUCTS_DIR; };
		1206CA202666260B002024B5 /* AppDelegate.swift */ = {isa = PBXFileReference; lastKnownFileType = sourcecode.swift; path = AppDelegate.swift; sourceTree = "<group>"; };
		1206CA222666260B002024B5 /* SceneDelegate.swift */ = {isa = PBXFileReference; lastKnownFileType = sourcecode.swift; path = SceneDelegate.swift; sourceTree = "<group>"; };
		1206CA272666260B002024B5 /* Base */ = {isa = PBXFileReference; lastKnownFileType = file.storyboard; name = Base; path = Base.lproj/Main.storyboard; sourceTree = "<group>"; };
		1206CA2A2666260C002024B5 /* RecipleaseUI.xcdatamodel */ = {isa = PBXFileReference; lastKnownFileType = wrapper.xcdatamodel; path = RecipleaseUI.xcdatamodel; sourceTree = "<group>"; };
		1206CA2C26662617002024B5 /* Assets.xcassets */ = {isa = PBXFileReference; lastKnownFileType = folder.assetcatalog; path = Assets.xcassets; sourceTree = "<group>"; };
		1206CA2F26662618002024B5 /* Base */ = {isa = PBXFileReference; lastKnownFileType = file.storyboard; name = Base; path = Base.lproj/LaunchScreen.storyboard; sourceTree = "<group>"; };
		1206CA3126662618002024B5 /* Info.plist */ = {isa = PBXFileReference; lastKnownFileType = text.plist.xml; path = Info.plist; sourceTree = "<group>"; };
		7259145D26C3EEBC00C980AC /* 2nd Screen.storyboard */ = {isa = PBXFileReference; fileEncoding = 4; lastKnownFileType = file.storyboard; name = "2nd Screen.storyboard"; path = "../../../../../Desktop/2nd Screen.storyboard"; sourceTree = "<group>"; };
		7284F4D026C2854600990428 /* RecipeViewController.swift */ = {isa = PBXFileReference; lastKnownFileType = sourcecode.swift; path = RecipeViewController.swift; sourceTree = "<group>"; };
		7284F4D126C2854600990428 /* 2ndViewController.swift */ = {isa = PBXFileReference; lastKnownFileType = sourcecode.swift; path = 2ndViewController.swift; sourceTree = "<group>"; };
		7284F4D226C2854600990428 /* HomePageViewController.swift */ = {isa = PBXFileReference; lastKnownFileType = sourcecode.swift; path = HomePageViewController.swift; sourceTree = "<group>"; };
		7284F4D326C2854600990428 /* ViewController.swift */ = {isa = PBXFileReference; lastKnownFileType = sourcecode.swift; path = ViewController.swift; sourceTree = "<group>"; };
		7284F4D426C2854600990428 /* RecipeView.swift */ = {isa = PBXFileReference; lastKnownFileType = sourcecode.swift; path = RecipeView.swift; sourceTree = "<group>"; };
		7284F4D526C2854600990428 /* LoadScreenViewController.swift */ = {isa = PBXFileReference; lastKnownFileType = sourcecode.swift; path = LoadScreenViewController.swift; sourceTree = "<group>"; };
		7284F4DE26C2859D00990428 /* FirstRecipe.swift */ = {isa = PBXFileReference; lastKnownFileType = sourcecode.swift; path = FirstRecipe.swift; sourceTree = "<group>"; };
		7284F4DF26C2859D00990428 /* SecondRecipe.swift */ = {isa = PBXFileReference; lastKnownFileType = sourcecode.swift; path = SecondRecipe.swift; sourceTree = "<group>"; };
		7284F4E026C2859D00990428 /* ThirdRecipe.swift */ = {isa = PBXFileReference; lastKnownFileType = sourcecode.swift; path = ThirdRecipe.swift; sourceTree = "<group>"; };
		7284F4E526C285BF00990428 /* Item.swift */ = {isa = PBXFileReference; lastKnownFileType = sourcecode.swift; path = Item.swift; sourceTree = "<group>"; };
		7284F4E626C285BF00990428 /* Data.swift */ = {isa = PBXFileReference; lastKnownFileType = sourcecode.swift; path = Data.swift; sourceTree = "<group>"; };
/* End PBXFileReference section */

/* Begin PBXFrameworksBuildPhase section */
		1206CA1A2666260B002024B5 /* Frameworks */ = {
			isa = PBXFrameworksBuildPhase;
			buildActionMask = 2147483647;
			files = (
			);
			runOnlyForDeploymentPostprocessing = 0;
		};
/* End PBXFrameworksBuildPhase section */

/* Begin PBXGroup section */
		1206CA142666260B002024B5 = {
			isa = PBXGroup;
			children = (
				1206CA1F2666260B002024B5 /* Reciplease */,
				1206CA1E2666260B002024B5 /* Products */,
			);
			sourceTree = "<group>";
		};
		1206CA1E2666260B002024B5 /* Products */ = {
			isa = PBXGroup;
			children = (
				1206CA1D2666260B002024B5 /* Reciplease.app */,
			);
			name = Products;
			sourceTree = "<group>";
		};
		1206CA1F2666260B002024B5 /* Reciplease */ = {
			isa = PBXGroup;
			children = (
				7284F4DD26C2857E00990428 /* Views */,
				7284F4E426C285AB00990428 /* Recipes */,
				1206CA2C26662617002024B5 /* Assets.xcassets */,
				7259145C26C3ED2800C980AC /* Storyboards */,
				7284F4E926C285C900990428 /* Resources */,
				7259145B26C3ECF500C980AC /* Supporting Files */,
				1206CA292666260C002024B5 /* Reciplease.xcdatamodeld */,
			);
			path = Reciplease;
			sourceTree = "<group>";
		};
		7259145B26C3ECF500C980AC /* Supporting Files */ = {
			isa = PBXGroup;
			children = (
				1206CA222666260B002024B5 /* SceneDelegate.swift */,
				1206CA202666260B002024B5 /* AppDelegate.swift */,
				1206CA3126662618002024B5 /* Info.plist */,
			);
			path = "Supporting Files";
			sourceTree = "<group>";
		};
		7259145C26C3ED2800C980AC /* Storyboards */ = {
			isa = PBXGroup;
			children = (
				7259145D26C3EEBC00C980AC /* 2nd Screen.storyboard */,
				1206CA2E26662618002024B5 /* LaunchScreen.storyboard */,
				1206CA262666260B002024B5 /* Main.storyboard */,
			);
			path = Storyboards;
			sourceTree = "<group>";
		};
		7284F4DD26C2857E00990428 /* Views */ = {
			isa = PBXGroup;
			children = (
				7284F4D126C2854600990428 /* 2ndViewController.swift */,
				7284F4D226C2854600990428 /* HomePageViewController.swift */,
				7284F4D526C2854600990428 /* LoadScreenViewController.swift */,
				7284F4D426C2854600990428 /* RecipeView.swift */,
				7284F4D026C2854600990428 /* RecipeViewController.swift */,
				7284F4D326C2854600990428 /* ViewController.swift */,
			);
			path = Views;
			sourceTree = "<group>";
		};
		7284F4E426C285AB00990428 /* Recipes */ = {
			isa = PBXGroup;
			children = (
				7284F4DE26C2859D00990428 /* FirstRecipe.swift */,
				7284F4DF26C2859D00990428 /* SecondRecipe.swift */,
				7284F4E026C2859D00990428 /* ThirdRecipe.swift */,
			);
			path = Recipes;
			sourceTree = "<group>";
		};
		7284F4E926C285C900990428 /* Resources */ = {
			isa = PBXGroup;
			children = (
				7284F4E626C285BF00990428 /* Data.swift */,
				7284F4E526C285BF00990428 /* Item.swift */,
			);
			path = Resources;
			sourceTree = "<group>";
		};
/* End PBXGroup section */

/* Begin PBXNativeTarget section */
		1206CA1C2666260B002024B5 /* Reciplease */ = {
			isa = PBXNativeTarget;
			buildConfigurationList = 1206CA4A26662618002024B5 /* Build configuration list for PBXNativeTarget "Reciplease" */;
			buildPhases = (
				1206CA192666260B002024B5 /* Sources */,
				1206CA1A2666260B002024B5 /* Frameworks */,
				1206CA1B2666260B002024B5 /* Resources */,
			);
			buildRules = (
			);
			dependencies = (
			);
			name = Reciplease;
			productName = RecipleaseUI;
			productReference = 1206CA1D2666260B002024B5 /* Reciplease.app */;
			productType = "com.apple.product-type.application";
		};
/* End PBXNativeTarget section */

/* Begin PBXProject section */
		1206CA152666260B002024B5 /* Project object */ = {
			isa = PBXProject;
			attributes = {
				LastSwiftUpdateCheck = 1130;
				LastUpgradeCheck = 1250;
				ORGANIZATIONNAME = "Samuel Royal";
				TargetAttributes = {
					1206CA1C2666260B002024B5 = {
						CreatedOnToolsVersion = 11.3.1;
					};
				};
			};
			buildConfigurationList = 1206CA182666260B002024B5 /* Build configuration list for PBXProject "Reciplease" */;
			compatibilityVersion = "Xcode 12.0";
			developmentRegion = en;
			hasScannedForEncodings = 0;
			knownRegions = (
				en,
				Base,
			);
			mainGroup = 1206CA142666260B002024B5;
			productRefGroup = 1206CA1E2666260B002024B5 /* Products */;
			projectDirPath = "";
			projectRoot = "";
			targets = (
				1206CA1C2666260B002024B5 /* Reciplease */,
			);
		};
/* End PBXProject section */

/* Begin PBXResourcesBuildPhase section */
		1206CA1B2666260B002024B5 /* Resources */ = {
			isa = PBXResourcesBuildPhase;
			buildActionMask = 2147483647;
			files = (
				7259145E26C3EEBC00C980AC /* 2nd Screen.storyboard in Resources */,
				1206CA3026662618002024B5 /* LaunchScreen.storyboard in Resources */,
				1206CA2D26662617002024B5 /* Assets.xcassets in Resources */,
				1206CA282666260B002024B5 /* Main.storyboard in Resources */,
			);
			runOnlyForDeploymentPostprocessing = 0;
		};
/* End PBXResourcesBuildPhase section */

/* Begin PBXSourcesBuildPhase section */
		1206CA192666260B002024B5 /* Sources */ = {
			isa = PBXSourcesBuildPhase;
			buildActionMask = 2147483647;
			files = (
				7284F4E126C2859D00990428 /* FirstRecipe.swift in Sources */,
				1206CA2B2666260C002024B5 /* Reciplease.xcdatamodeld in Sources */,
				1206CA212666260B002024B5 /* AppDelegate.swift in Sources */,
				7284F4DB26C2854600990428 /* HomePageViewController.swift in Sources */,
				7284F4D726C2854600990428 /* 2ndViewController.swift in Sources */,
				7284F4D926C2854600990428 /* RecipeView.swift in Sources */,
				7284F4DA26C2854600990428 /* RecipeViewController.swift in Sources */,
				7284F4E826C285BF00990428 /* Data.swift in Sources */,
				7284F4E726C285BF00990428 /* Item.swift in Sources */,
				7284F4E326C2859D00990428 /* ThirdRecipe.swift in Sources */,
				7284F4E226C2859D00990428 /* SecondRecipe.swift in Sources */,
				7284F4D626C2854600990428 /* ViewController.swift in Sources */,
				7284F4D826C2854600990428 /* LoadScreenViewController.swift in Sources */,
				1206CA232666260B002024B5 /* SceneDelegate.swift in Sources */,
			);
			runOnlyForDeploymentPostprocessing = 0;
		};
/* End PBXSourcesBuildPhase section */

/* Begin PBXVariantGroup section */
		1206CA262666260B002024B5 /* Main.storyboard */ = {
			isa = PBXVariantGroup;
			children = (
				1206CA272666260B002024B5 /* Base */,
			);
			name = Main.storyboard;
			sourceTree = "<group>";
		};
		1206CA2E26662618002024B5 /* LaunchScreen.storyboard */ = {
			isa = PBXVariantGroup;
			children = (
				1206CA2F26662618002024B5 /* Base */,
			);
			name = LaunchScreen.storyboard;
			sourceTree = "<group>";
		};
/* End PBXVariantGroup section */

/* Begin XCBuildConfiguration section */
		1206CA4826662618002024B5 /* Debug */ = {
			isa = XCBuildConfiguration;
			buildSettings = {
				ALWAYS_SEARCH_USER_PATHS = NO;
				CLANG_ANALYZER_NONNULL = YES;
				CLANG_ANALYZER_NUMBER_OBJECT_CONVERSION = YES_AGGRESSIVE;
				CLANG_CXX_LANGUAGE_STANDARD = "gnu++14";
				CLANG_CXX_LIBRARY = "libc++";
				CLANG_ENABLE_MODULES = YES;
				CLANG_ENABLE_OBJC_ARC = YES;
				CLANG_ENABLE_OBJC_WEAK = YES;
				CLANG_WARN_BLOCK_CAPTURE_AUTORELEASING = YES;
				CLANG_WARN_BOOL_CONVERSION = YES;
				CLANG_WARN_COMMA = YES;
				CLANG_WARN_CONSTANT_CONVERSION = YES;
				CLANG_WARN_DEPRECATED_OBJC_IMPLEMENTATIONS = YES;
				CLANG_WARN_DIRECT_OBJC_ISA_USAGE = YES_ERROR;
				CLANG_WARN_DOCUMENTATION_COMMENTS = YES;
				CLANG_WARN_EMPTY_BODY = YES;
				CLANG_WARN_ENUM_CONVERSION = YES;
				CLANG_WARN_INFINITE_RECURSION = YES;
				CLANG_WARN_INT_CONVERSION = YES;
				CLANG_WARN_NON_LITERAL_NULL_CONVERSION = YES;
				CLANG_WARN_OBJC_IMPLICIT_RETAIN_SELF = YES;
				CLANG_WARN_OBJC_LITERAL_CONVERSION = YES;
				CLANG_WARN_OBJC_ROOT_CLASS = YES_ERROR;
				CLANG_WARN_QUOTED_INCLUDE_IN_FRAMEWORK_HEADER = YES;
				CLANG_WARN_RANGE_LOOP_ANALYSIS = YES;
				CLANG_WARN_STRICT_PROTOTYPES = YES;
				CLANG_WARN_SUSPICIOUS_MOVE = YES;
				CLANG_WARN_UNGUARDED_AVAILABILITY = YES_AGGRESSIVE;
				CLANG_WARN_UNREACHABLE_CODE = YES;
				CLANG_WARN__DUPLICATE_METHOD_MATCH = YES;
				COPY_PHASE_STRIP = NO;
				DEBUG_INFORMATION_FORMAT = dwarf;
				ENABLE_STRICT_OBJC_MSGSEND = YES;
				ENABLE_TESTABILITY = YES;
				GCC_C_LANGUAGE_STANDARD = gnu11;
				GCC_DYNAMIC_NO_PIC = NO;
				GCC_NO_COMMON_BLOCKS = YES;
				GCC_OPTIMIZATION_LEVEL = 0;
				GCC_PREPROCESSOR_DEFINITIONS = (
					"DEBUG=1",
					"$(inherited)",
				);
				GCC_WARN_64_TO_32_BIT_CONVERSION = YES;
				GCC_WARN_ABOUT_RETURN_TYPE = YES_ERROR;
				GCC_WARN_UNDECLARED_SELECTOR = YES;
				GCC_WARN_UNINITIALIZED_AUTOS = YES_AGGRESSIVE;
				GCC_WARN_UNUSED_FUNCTION = YES;
				GCC_WARN_UNUSED_VARIABLE = YES;
				IPHONEOS_DEPLOYMENT_TARGET = 13.2;
				MTL_ENABLE_DEBUG_INFO = INCLUDE_SOURCE;
				MTL_FAST_MATH = YES;
				ONLY_ACTIVE_ARCH = YES;
				SDKROOT = iphoneos;
				SWIFT_ACTIVE_COMPILATION_CONDITIONS = DEBUG;
				SWIFT_OPTIMIZATION_LEVEL = "-Onone";
			};
			name = Debug;
		};
		1206CA4926662618002024B5 /* Release */ = {
			isa = XCBuildConfiguration;
			buildSettings = {
				ALWAYS_SEARCH_USER_PATHS = NO;
				CLANG_ANALYZER_NONNULL = YES;
				CLANG_ANALYZER_NUMBER_OBJECT_CONVERSION = YES_AGGRESSIVE;
				CLANG_CXX_LANGUAGE_STANDARD = "gnu++14";
				CLANG_CXX_LIBRARY = "libc++";
				CLANG_ENABLE_MODULES = YES;
				CLANG_ENABLE_OBJC_ARC = YES;
				CLANG_ENABLE_OBJC_WEAK = YES;
				CLANG_WARN_BLOCK_CAPTURE_AUTORELEASING = YES;
				CLANG_WARN_BOOL_CONVERSION = YES;
				CLANG_WARN_COMMA = YES;
				CLANG_WARN_CONSTANT_CONVERSION = YES;
				CLANG_WARN_DEPRECATED_OBJC_IMPLEMENTATIONS = YES;
				CLANG_WARN_DIRECT_OBJC_ISA_USAGE = YES_ERROR;
				CLANG_WARN_DOCUMENTATION_COMMENTS = YES;
				CLANG_WARN_EMPTY_BODY = YES;
				CLANG_WARN_ENUM_CONVERSION = YES;
				CLANG_WARN_INFINITE_RECURSION = YES;
				CLANG_WARN_INT_CONVERSION = YES;
				CLANG_WARN_NON_LITERAL_NULL_CONVERSION = YES;
				CLANG_WARN_OBJC_IMPLICIT_RETAIN_SELF = YES;
				CLANG_WARN_OBJC_LITERAL_CONVERSION = YES;
				CLANG_WARN_OBJC_ROOT_CLASS = YES_ERROR;
				CLANG_WARN_QUOTED_INCLUDE_IN_FRAMEWORK_HEADER = YES;
				CLANG_WARN_RANGE_LOOP_ANALYSIS = YES;
				CLANG_WARN_STRICT_PROTOTYPES = YES;
				CLANG_WARN_SUSPICIOUS_MOVE = YES;
				CLANG_WARN_UNGUARDED_AVAILABILITY = YES_AGGRESSIVE;
				CLANG_WARN_UNREACHABLE_CODE = YES;
				CLANG_WARN__DUPLICATE_METHOD_MATCH = YES;
				COPY_PHASE_STRIP = NO;
				DEBUG_INFORMATION_FORMAT = "dwarf-with-dsym";
				ENABLE_NS_ASSERTIONS = NO;
				ENABLE_STRICT_OBJC_MSGSEND = YES;
				GCC_C_LANGUAGE_STANDARD = gnu11;
				GCC_NO_COMMON_BLOCKS = YES;
				GCC_WARN_64_TO_32_BIT_CONVERSION = YES;
				GCC_WARN_ABOUT_RETURN_TYPE = YES_ERROR;
				GCC_WARN_UNDECLARED_SELECTOR = YES;
				GCC_WARN_UNINITIALIZED_AUTOS = YES_AGGRESSIVE;
				GCC_WARN_UNUSED_FUNCTION = YES;
				GCC_WARN_UNUSED_VARIABLE = YES;
				IPHONEOS_DEPLOYMENT_TARGET = 13.2;
				MTL_ENABLE_DEBUG_INFO = NO;
				MTL_FAST_MATH = YES;
				SDKROOT = iphoneos;
				SWIFT_COMPILATION_MODE = wholemodule;
				SWIFT_OPTIMIZATION_LEVEL = "-O";
				VALIDATE_PRODUCT = YES;
			};
			name = Release;
		};
		1206CA4B26662618002024B5 /* Debug */ = {
			isa = XCBuildConfiguration;
			buildSettings = {
				ASSETCATALOG_COMPILER_APPICON_NAME = AppIcon;
				CODE_SIGN_STYLE = Automatic;
				DEVELOPMENT_TEAM = 4VNJQ732VB;
				INFOPLIST_FILE = "Reciplease/Supporting Files/Info.plist";
				LD_RUNPATH_SEARCH_PATHS = (
					"$(inherited)",
					"@executable_path/Frameworks",
				);
				PRODUCT_BUNDLE_IDENTIFIER = Reciplease.Reciplease;
				PRODUCT_NAME = "$(TARGET_NAME)";
				SWIFT_VERSION = 5.0;
				TARGETED_DEVICE_FAMILY = "1,2";
			};
			name = Debug;
		};
		1206CA4C26662618002024B5 /* Release */ = {
			isa = XCBuildConfiguration;
			buildSettings = {
				ASSETCATALOG_COMPILER_APPICON_NAME = AppIcon;
				CODE_SIGN_STYLE = Automatic;
				DEVELOPMENT_TEAM = 4VNJQ732VB;
				INFOPLIST_FILE = "Reciplease/Supporting Files/Info.plist";
				LD_RUNPATH_SEARCH_PATHS = (
					"$(inherited)",
					"@executable_path/Frameworks",
				);
				PRODUCT_BUNDLE_IDENTIFIER = Reciplease.Reciplease;
				PRODUCT_NAME = "$(TARGET_NAME)";
				SWIFT_VERSION = 5.0;
				TARGETED_DEVICE_FAMILY = "1,2";
			};
			name = Release;
		};
/* End XCBuildConfiguration section */

/* Begin XCConfigurationList section */
		1206CA182666260B002024B5 /* Build configuration list for PBXProject "Reciplease" */ = {
			isa = XCConfigurationList;
			buildConfigurations = (
				1206CA4826662618002024B5 /* Debug */,
				1206CA4926662618002024B5 /* Release */,
			);
			defaultConfigurationIsVisible = 0;
			defaultConfigurationName = Release;
		};
		1206CA4A26662618002024B5 /* Build configuration list for PBXNativeTarget "Reciplease" */ = {
			isa = XCConfigurationList;
			buildConfigurations = (
				1206CA4B26662618002024B5 /* Debug */,
				1206CA4C26662618002024B5 /* Release */,
			);
			defaultConfigurationIsVisible = 0;
			defaultConfigurationName = Release;
		};
/* End XCConfigurationList section */

/* Begin XCVersionGroup section */
		1206CA292666260C002024B5 /* Reciplease.xcdatamodeld */ = {
			isa = XCVersionGroup;
			children = (
				1206CA2A2666260C002024B5 /* RecipleaseUI.xcdatamodel */,
			);
			currentVersion = 1206CA2A2666260C002024B5 /* RecipleaseUI.xcdatamodel */;
			path = Reciplease.xcdatamodeld;
			sourceTree = "<group>";
			versionGroupType = wrapper.xcdatamodel;
		};
/* End XCVersionGroup section */
	};
	rootObject = 1206CA152666260B002024B5 /* Project object */;
}
